
Microsoft Visual Studio Solution File, Format Version 12.00
# Visual Studio 2012
Project("{FAE04EC0-301F-11D3-BF4B-00C04F79EFBC}") = "Диплом", "Диплом\Диплом.csproj", "{6C2CD870-5158-4EFE-8066-C6C8F88D51D3}"
EndProject
Global
	GlobalSection(SolutionConfigurationPlatforms) = preSolution
		Debug|x86 = Debug|x86
		Release|x86 = Release|x86
	EndGlobalSection
	GlobalSection(ProjectConfigurationPlatforms) = postSolution
		{6C2CD870-5158-4EFE-8066-C6C8F88D51D3}.Debug|x86.ActiveCfg = Debug|x86
		{6C2CD870-5158-4EFE-8066-C6C8F88D51D3}.Debug|x86.Build.0 = Debug|x86
		{6C2CD870-5158-4EFE-8066-C6C8F88D51D3}.Release|x86.ActiveCfg = Release|x86
		{6C2CD870-5158-4EFE-8066-C6C8F88D51D3}.Release|x86.Build.0 = Release|x86
	EndGlobalSection
	GlobalSection(SolutionProperties) = preSolution
		HideSolutionNode = FALSE
	EndGlobalSection
	GlobalSection(Performance) = preSolution
		HasPerformanceSessions = true
	EndGlobalSection
EndGlobal
